// !$*UTF8*$!
{
	archiveVersion = 1;
	classes = {
	};
	objectVersion = 55;
	objects = {

/* Begin PBXBuildFile section */
		1A068AE7276BFECC007C1E17 /* BenchmarkTrialApp.swift in Sources */ = {isa = PBXBuildFile; fileRef = 1A068AD7276BFECC007C1E17 /* BenchmarkTrialApp.swift */; };
		1A068AE8276BFECC007C1E17 /* BenchmarkTrialApp.swift in Sources */ = {isa = PBXBuildFile; fileRef = 1A068AD7276BFECC007C1E17 /* BenchmarkTrialApp.swift */; };
		1A068AE9276BFECC007C1E17 /* ContentView.swift in Sources */ = {isa = PBXBuildFile; fileRef = 1A068AD8276BFECC007C1E17 /* ContentView.swift */; };
		1A068AEA276BFECC007C1E17 /* ContentView.swift in Sources */ = {isa = PBXBuildFile; fileRef = 1A068AD8276BFECC007C1E17 /* ContentView.swift */; };
		1A068AEB276BFECC007C1E17 /* Assets.xcassets in Resources */ = {isa = PBXBuildFile; fileRef = 1A068AD9276BFECC007C1E17 /* Assets.xcassets */; };
		1A068AEC276BFECC007C1E17 /* Assets.xcassets in Resources */ = {isa = PBXBuildFile; fileRef = 1A068AD9276BFECC007C1E17 /* Assets.xcassets */; };
		1A068AF9276C0316007C1E17 /* SampleModel.swift in Sources */ = {isa = PBXBuildFile; fileRef = 1A068AF8276C0316007C1E17 /* SampleModel.swift */; };
		1A068AFA276C0316007C1E17 /* SampleModel.swift in Sources */ = {isa = PBXBuildFile; fileRef = 1A068AF8276C0316007C1E17 /* SampleModel.swift */; };
		1AD18818276C05560085CDA5 /* MyLibrary in Frameworks */ = {isa = PBXBuildFile; productRef = 1AD18817276C05560085CDA5 /* MyLibrary */; };
		1AD1881A276C055E0085CDA5 /* MyLibrary in Frameworks */ = {isa = PBXBuildFile; productRef = 1AD18819276C055E0085CDA5 /* MyLibrary */; };
		1AD1881D276C089E0085CDA5 /* CollectionsBenchmark in Frameworks */ = {isa = PBXBuildFile; productRef = 1AD1881C276C089E0085CDA5 /* CollectionsBenchmark */; };
/* End PBXBuildFile section */

/* Begin PBXFileReference section */
		1A068AD7276BFECC007C1E17 /* BenchmarkTrialApp.swift */ = {isa = PBXFileReference; lastKnownFileType = sourcecode.swift; path = BenchmarkTrialApp.swift; sourceTree = "<group>"; };
		1A068AD8276BFECC007C1E17 /* ContentView.swift */ = {isa = PBXFileReference; lastKnownFileType = sourcecode.swift; path = ContentView.swift; sourceTree = "<group>"; };
		1A068AD9276BFECC007C1E17 /* Assets.xcassets */ = {isa = PBXFileReference; lastKnownFileType = folder.assetcatalog; path = Assets.xcassets; sourceTree = "<group>"; };
		1A068ADE276BFECC007C1E17 /* BenchmarkTrial.app */ = {isa = PBXFileReference; explicitFileType = wrapper.application; includeInIndex = 0; path = BenchmarkTrial.app; sourceTree = BUILT_PRODUCTS_DIR; };
		1A068AE4276BFECC007C1E17 /* BenchmarkTrial.app */ = {isa = PBXFileReference; explicitFileType = wrapper.application; includeInIndex = 0; path = BenchmarkTrial.app; sourceTree = BUILT_PRODUCTS_DIR; };
		1A068AE6276BFECC007C1E17 /* macOS.entitlements */ = {isa = PBXFileReference; lastKnownFileType = text.plist.entitlements; path = macOS.entitlements; sourceTree = "<group>"; };
		1A068AF5276BFF4A007C1E17 /* README.md */ = {isa = PBXFileReference; lastKnownFileType = net.daringfireball.markdown; path = README.md; sourceTree = "<group>"; };
		1A068AF8276C0316007C1E17 /* SampleModel.swift */ = {isa = PBXFileReference; lastKnownFileType = sourcecode.swift; path = SampleModel.swift; sourceTree = "<group>"; };
/* End PBXFileReference section */

/* Begin PBXFrameworksBuildPhase section */
		1A068ADB276BFECC007C1E17 /* Frameworks */ = {
			isa = PBXFrameworksBuildPhase;
			buildActionMask = 2147483647;
			files = (
				1AD1881D276C089E0085CDA5 /* CollectionsBenchmark in Frameworks */,
				1AD18818276C05560085CDA5 /* MyLibrary in Frameworks */,
			);
			runOnlyForDeploymentPostprocessing = 0;
		};
		1A068AE1276BFECC007C1E17 /* Frameworks */ = {
			isa = PBXFrameworksBuildPhase;
			buildActionMask = 2147483647;
			files = (
				1AD1881A276C055E0085CDA5 /* MyLibrary in Frameworks */,
			);
			runOnlyForDeploymentPostprocessing = 0;
		};
/* End PBXFrameworksBuildPhase section */

/* Begin PBXGroup section */
		1A068AD1276BFECC007C1E17 = {
			isa = PBXGroup;
			children = (
				1A068AF5276BFF4A007C1E17 /* README.md */,
				1A068AD6276BFECC007C1E17 /* Shared */,
				1A068AE5276BFECC007C1E17 /* macOS */,
				1A068ADF276BFECC007C1E17 /* Products */,
				1AD18816276C05560085CDA5 /* Frameworks */,
			);
			sourceTree = "<group>";
		};
		1A068AD6276BFECC007C1E17 /* Shared */ = {
			isa = PBXGroup;
			children = (
				1A068AD7276BFECC007C1E17 /* BenchmarkTrialApp.swift */,
				1A068AF8276C0316007C1E17 /* SampleModel.swift */,
				1A068AD8276BFECC007C1E17 /* ContentView.swift */,
				1A068AD9276BFECC007C1E17 /* Assets.xcassets */,
			);
			path = Shared;
			sourceTree = "<group>";
		};
		1A068ADF276BFECC007C1E17 /* Products */ = {
			isa = PBXGroup;
			children = (
				1A068ADE276BFECC007C1E17 /* BenchmarkTrial.app */,
				1A068AE4276BFECC007C1E17 /* BenchmarkTrial.app */,
			);
			name = Products;
			sourceTree = "<group>";
		};
		1A068AE5276BFECC007C1E17 /* macOS */ = {
			isa = PBXGroup;
			children = (
				1A068AE6276BFECC007C1E17 /* macOS.entitlements */,
			);
			path = macOS;
			sourceTree = "<group>";
		};
		1AD18816276C05560085CDA5 /* Frameworks */ = {
			isa = PBXGroup;
			children = (
			);
			name = Frameworks;
			sourceTree = "<group>";
		};
/* End PBXGroup section */

/* Begin PBXNativeTarget section */
		1A068ADD276BFECC007C1E17 /* BenchmarkTrial (iOS) */ = {
			isa = PBXNativeTarget;
			buildConfigurationList = 1A068AEF276BFECC007C1E17 /* Build configuration list for PBXNativeTarget "BenchmarkTrial (iOS)" */;
			buildPhases = (
				1A068ADA276BFECC007C1E17 /* Sources */,
				1A068ADB276BFECC007C1E17 /* Frameworks */,
				1A068ADC276BFECC007C1E17 /* Resources */,
			);
			buildRules = (
			);
			dependencies = (
			);
			name = "BenchmarkTrial (iOS)";
			packageProductDependencies = (
				1AD18817276C05560085CDA5 /* MyLibrary */,
				1AD1881C276C089E0085CDA5 /* CollectionsBenchmark */,
			);
			productName = "BenchmarkTrial (iOS)";
			productReference = 1A068ADE276BFECC007C1E17 /* BenchmarkTrial.app */;
			productType = "com.apple.product-type.application";
		};
		1A068AE3276BFECC007C1E17 /* BenchmarkTrial (macOS) */ = {
			isa = PBXNativeTarget;
			buildConfigurationList = 1A068AF2276BFECC007C1E17 /* Build configuration list for PBXNativeTarget "BenchmarkTrial (macOS)" */;
			buildPhases = (
				1A068AE0276BFECC007C1E17 /* Sources */,
				1A068AE1276BFECC007C1E17 /* Frameworks */,
				1A068AE2276BFECC007C1E17 /* Resources */,
			);
			buildRules = (
			);
			dependencies = (
			);
			name = "BenchmarkTrial (macOS)";
			packageProductDependencies = (
				1AD18819276C055E0085CDA5 /* MyLibrary */,
			);
			productName = "BenchmarkTrial (macOS)";
			productReference = 1A068AE4276BFECC007C1E17 /* BenchmarkTrial.app */;
			productType = "com.apple.product-type.application";
		};
/* End PBXNativeTarget section */

/* Begin PBXProject section */
		1A068AD2276BFECC007C1E17 /* Project object */ = {
			isa = PBXProject;
			attributes = {
				BuildIndependentTargetsInParallel = 1;
				LastSwiftUpdateCheck = 1320;
				LastUpgradeCheck = 1320;
				TargetAttributes = {
					1A068ADD276BFECC007C1E17 = {
						CreatedOnToolsVersion = 13.2;
					};
					1A068AE3276BFECC007C1E17 = {
						CreatedOnToolsVersion = 13.2;
					};
				};
			};
			buildConfigurationList = 1A068AD5276BFECC007C1E17 /* Build configuration list for PBXProject "BenchmarkTrial" */;
			compatibilityVersion = "Xcode 13.0";
			developmentRegion = en;
			hasScannedForEncodings = 0;
			knownRegions = (
				en,
				Base,
			);
			mainGroup = 1A068AD1276BFECC007C1E17;
			packageReferences = (
				1AD1881B276C089E0085CDA5 /* XCRemoteSwiftPackageReference "swift-collections-benchmark" */,
			);
			productRefGroup = 1A068ADF276BFECC007C1E17 /* Products */;
			projectDirPath = "";
			projectRoot = "";
			targets = (
				1A068ADD276BFECC007C1E17 /* BenchmarkTrial (iOS) */,
				1A068AE3276BFECC007C1E17 /* BenchmarkTrial (macOS) */,
			);
		};
/* End PBXProject section */

/* Begin PBXResourcesBuildPhase section */
		1A068ADC276BFECC007C1E17 /* Resources */ = {
			isa = PBXResourcesBuildPhase;
			buildActionMask = 2147483647;
			files = (
				1A068AEB276BFECC007C1E17 /* Assets.xcassets in Resources */,
			);
			runOnlyForDeploymentPostprocessing = 0;
		};
		1A068AE2276BFECC007C1E17 /* Resources */ = {
			isa = PBXResourcesBuildPhase;
			buildActionMask = 2147483647;
			files = (
				1A068AEC276BFECC007C1E17 /* Assets.xcassets in Resources */,
			);
			runOnlyForDeploymentPostprocessing = 0;
		};
/* End PBXResourcesBuildPhase section */

/* Begin PBXSourcesBuildPhase section */
		1A068ADA276BFECC007C1E17 /* Sources */ = {
			isa = PBXSourcesBuildPhase;
			buildActionMask = 2147483647;
			files = (
				1A068AE9276BFECC007C1E17 /* ContentView.swift in Sources */,
				1A068AF9276C0316007C1E17 /* SampleModel.swift in Sources */,
				1A068AE7276BFECC007C1E17 /* BenchmarkTrialApp.swift in Sources */,
			);
			runOnlyForDeploymentPostprocessing = 0;
		};
		1A068AE0276BFECC007C1E17 /* Sources */ = {
			isa = PBXSourcesBuildPhase;
			buildActionMask = 2147483647;
			files = (
				1A068AEA276BFECC007C1E17 /* ContentView.swift in Sources */,
				1A068AFA276C0316007C1E17 /* SampleModel.swift in Sources */,
				1A068AE8276BFECC007C1E17 /* BenchmarkTrialApp.swift in Sources */,
			);
			runOnlyForDeploymentPostprocessing = 0;
		};
/* End PBXSourcesBuildPhase section */

/* Begin XCBuildConfiguration section */
		1A068AED276BFECC007C1E17 /* Debug */ = {
			isa = XCBuildConfiguration;
			buildSettings = {
				ALWAYS_SEARCH_USER_PATHS = NO;
				CLANG_ANALYZER_NONNULL = YES;
				CLANG_ANALYZER_NUMBER_OBJECT_CONVERSION = YES_AGGRESSIVE;
				CLANG_CXX_LANGUAGE_STANDARD = "gnu++17";
				CLANG_CXX_LIBRARY = "libc++";
				CLANG_ENABLE_MODULES = YES;
				CLANG_ENABLE_OBJC_ARC = YES;
				CLANG_ENABLE_OBJC_WEAK = YES;
				CLANG_WARN_BLOCK_CAPTURE_AUTORELEASING = YES;
				CLANG_WARN_BOOL_CONVERSION = YES;
				CLANG_WARN_COMMA = YES;
				CLANG_WARN_CONSTANT_CONVERSION = YES;
				CLANG_WARN_DEPRECATED_OBJC_IMPLEMENTATIONS = YES;
				CLANG_WARN_DIRECT_OBJC_ISA_USAGE = YES_ERROR;
				CLANG_WARN_DOCUMENTATION_COMMENTS = YES;
				CLANG_WARN_EMPTY_BODY = YES;
				CLANG_WARN_ENUM_CONVERSION = YES;
				CLANG_WARN_INFINITE_RECURSION = YES;
				CLANG_WARN_INT_CONVERSION = YES;
				CLANG_WARN_NON_LITERAL_NULL_CONVERSION = YES;
				CLANG_WARN_OBJC_IMPLICIT_RETAIN_SELF = YES;
				CLANG_WARN_OBJC_LITERAL_CONVERSION = YES;
				CLANG_WARN_OBJC_ROOT_CLASS = YES_ERROR;
				CLANG_WARN_QUOTED_INCLUDE_IN_FRAMEWORK_HEADER = YES;
				CLANG_WARN_RANGE_LOOP_ANALYSIS = YES;
				CLANG_WARN_STRICT_PROTOTYPES = YES;
				CLANG_WARN_SUSPICIOUS_MOVE = YES;
				CLANG_WARN_UNGUARDED_AVAILABILITY = YES_AGGRESSIVE;
				CLANG_WARN_UNREACHABLE_CODE = YES;
				CLANG_WARN__DUPLICATE_METHOD_MATCH = YES;
				COPY_PHASE_STRIP = NO;
				DEBUG_INFORMATION_FORMAT = dwarf;
				ENABLE_STRICT_OBJC_MSGSEND = YES;
				ENABLE_TESTABILITY = YES;
				GCC_C_LANGUAGE_STANDARD = gnu11;
				GCC_DYNAMIC_NO_PIC = NO;
				GCC_NO_COMMON_BLOCKS = YES;
				GCC_OPTIMIZATION_LEVEL = 0;
				GCC_PREPROCESSOR_DEFINITIONS = (
					"DEBUG=1",
					"$(inherited)",
				);
				GCC_WARN_64_TO_32_BIT_CONVERSION = YES;
				GCC_WARN_ABOUT_RETURN_TYPE = YES_ERROR;
				GCC_WARN_UNDECLARED_SELECTOR = YES;
				GCC_WARN_UNINITIALIZED_AUTOS = YES_AGGRESSIVE;
				GCC_WARN_UNUSED_FUNCTION = YES;
				GCC_WARN_UNUSED_VARIABLE = YES;
				MTL_ENABLE_DEBUG_INFO = INCLUDE_SOURCE;
				MTL_FAST_MATH = YES;
				ONLY_ACTIVE_ARCH = YES;
				SWIFT_ACTIVE_COMPILATION_CONDITIONS = DEBUG;
				SWIFT_OPTIMIZATION_LEVEL = "-Onone";
			};
			name = Debug;
		};
		1A068AEE276BFECC007C1E17 /* Release */ = {
			isa = XCBuildConfiguration;
			buildSettings = {
				ALWAYS_SEARCH_USER_PATHS = NO;
				CLANG_ANALYZER_NONNULL = YES;
				CLANG_ANALYZER_NUMBER_OBJECT_CONVERSION = YES_AGGRESSIVE;
				CLANG_CXX_LANGUAGE_STANDARD = "gnu++17";
				CLANG_CXX_LIBRARY = "libc++";
				CLANG_ENABLE_MODULES = YES;
				CLANG_ENABLE_OBJC_ARC = YES;
				CLANG_ENABLE_OBJC_WEAK = YES;
				CLANG_WARN_BLOCK_CAPTURE_AUTORELEASING = YES;
				CLANG_WARN_BOOL_CONVERSION = YES;
				CLANG_WARN_COMMA = YES;
				CLANG_WARN_CONSTANT_CONVERSION = YES;
				CLANG_WARN_DEPRECATED_OBJC_IMPLEMENTATIONS = YES;
				CLANG_WARN_DIRECT_OBJC_ISA_USAGE = YES_ERROR;
				CLANG_WARN_DOCUMENTATION_COMMENTS = YES;
				CLANG_WARN_EMPTY_BODY = YES;
				CLANG_WARN_ENUM_CONVERSION = YES;
				CLANG_WARN_INFINITE_RECURSION = YES;
				CLANG_WARN_INT_CONVERSION = YES;
				CLANG_WARN_NON_LITERAL_NULL_CONVERSION = YES;
				CLANG_WARN_OBJC_IMPLICIT_RETAIN_SELF = YES;
				CLANG_WARN_OBJC_LITERAL_CONVERSION = YES;
				CLANG_WARN_OBJC_ROOT_CLASS = YES_ERROR;
				CLANG_WARN_QUOTED_INCLUDE_IN_FRAMEWORK_HEADER = YES;
				CLANG_WARN_RANGE_LOOP_ANALYSIS = YES;
				CLANG_WARN_STRICT_PROTOTYPES = YES;
				CLANG_WARN_SUSPICIOUS_MOVE = YES;
				CLANG_WARN_UNGUARDED_AVAILABILITY = YES_AGGRESSIVE;
				CLANG_WARN_UNREACHABLE_CODE = YES;
				CLANG_WARN__DUPLICATE_METHOD_MATCH = YES;
				COPY_PHASE_STRIP = NO;
				DEBUG_INFORMATION_FORMAT = "dwarf-with-dsym";
				ENABLE_NS_ASSERTIONS = NO;
				ENABLE_STRICT_OBJC_MSGSEND = YES;
				GCC_C_LANGUAGE_STANDARD = gnu11;
				GCC_NO_COMMON_BLOCKS = YES;
				GCC_WARN_64_TO_32_BIT_CONVERSION = YES;
				GCC_WARN_ABOUT_RETURN_TYPE = YES_ERROR;
				GCC_WARN_UNDECLARED_SELECTOR = YES;
				GCC_WARN_UNINITIALIZED_AUTOS = YES_AGGRESSIVE;
				GCC_WARN_UNUSED_FUNCTION = YES;
				GCC_WARN_UNUSED_VARIABLE = YES;
				MTL_ENABLE_DEBUG_INFO = NO;
				MTL_FAST_MATH = YES;
				SWIFT_COMPILATION_MODE = wholemodule;
				SWIFT_OPTIMIZATION_LEVEL = "-O";
			};
			name = Release;
		};
		1A068AF0276BFECC007C1E17 /* Debug */ = {
			isa = XCBuildConfiguration;
			buildSettings = {
				ASSETCATALOG_COMPILER_APPICON_NAME = AppIcon;
				ASSETCATALOG_COMPILER_GLOBAL_ACCENT_COLOR_NAME = AccentColor;
				CODE_SIGN_STYLE = Automatic;
				CURRENT_PROJECT_VERSION = 1;
				DEVELOPMENT_TEAM = BDV4VC27D3;
				ENABLE_PREVIEWS = YES;
				GENERATE_INFOPLIST_FILE = YES;
				INFOPLIST_KEY_UIApplicationSceneManifest_Generation = YES;
				INFOPLIST_KEY_UIApplicationSupportsIndirectInputEvents = YES;
				INFOPLIST_KEY_UILaunchScreen_Generation = YES;
				INFOPLIST_KEY_UISupportedInterfaceOrientations_iPad = "UIInterfaceOrientationPortrait UIInterfaceOrientationPortraitUpsideDown UIInterfaceOrientationLandscapeLeft UIInterfaceOrientationLandscapeRight";
				INFOPLIST_KEY_UISupportedInterfaceOrientations_iPhone = "UIInterfaceOrientationPortrait UIInterfaceOrientationLandscapeLeft UIInterfaceOrientationLandscapeRight";
				IPHONEOS_DEPLOYMENT_TARGET = 15.2;
				LD_RUNPATH_SEARCH_PATHS = (
					"$(inherited)",
					"@executable_path/Frameworks",
				);
				MARKETING_VERSION = 1.0;
				PRODUCT_BUNDLE_IDENTIFIER = com.rhonabwy.BenchmarkTrial;
				PRODUCT_NAME = BenchmarkTrial;
				SDKROOT = iphoneos;
				SWIFT_EMIT_LOC_STRINGS = YES;
				SWIFT_VERSION = 5.0;
				TARGETED_DEVICE_FAMILY = "1,2";
			};
			name = Debug;
		};
		1A068AF1276BFECC007C1E17 /* Release */ = {
			isa = XCBuildConfiguration;
			buildSettings = {
				ASSETCATALOG_COMPILER_APPICON_NAME = AppIcon;
				ASSETCATALOG_COMPILER_GLOBAL_ACCENT_COLOR_NAME = AccentColor;
				CODE_SIGN_STYLE = Automatic;
				CURRENT_PROJECT_VERSION = 1;
				DEVELOPMENT_TEAM = BDV4VC27D3;
				ENABLE_PREVIEWS = YES;
				GENERATE_INFOPLIST_FILE = YES;
				INFOPLIST_KEY_UIApplicationSceneManifest_Generation = YES;
				INFOPLIST_KEY_UIApplicationSupportsIndirectInputEvents = YES;
				INFOPLIST_KEY_UILaunchScreen_Generation = YES;
				INFOPLIST_KEY_UISupportedInterfaceOrientations_iPad = "UIInterfaceOrientationPortrait UIInterfaceOrientationPortraitUpsideDown UIInterfaceOrientationLandscapeLeft UIInterfaceOrientationLandscapeRight";
				INFOPLIST_KEY_UISupportedInterfaceOrientations_iPhone = "UIInterfaceOrientationPortrait UIInterfaceOrientationLandscapeLeft UIInterfaceOrientationLandscapeRight";
				IPHONEOS_DEPLOYMENT_TARGET = 15.2;
				LD_RUNPATH_SEARCH_PATHS = (
					"$(inherited)",
					"@executable_path/Frameworks",
				);
				MARKETING_VERSION = 1.0;
				PRODUCT_BUNDLE_IDENTIFIER = com.rhonabwy.BenchmarkTrial;
				PRODUCT_NAME = BenchmarkTrial;
				SDKROOT = iphoneos;
				SWIFT_EMIT_LOC_STRINGS = YES;
				SWIFT_VERSION = 5.0;
				TARGETED_DEVICE_FAMILY = "1,2";
				VALIDATE_PRODUCT = YES;
			};
			name = Release;
		};
		1A068AF3276BFECC007C1E17 /* Debug */ = {
			isa = XCBuildConfiguration;
			buildSettings = {
				ASSETCATALOG_COMPILER_APPICON_NAME = AppIcon;
				ASSETCATALOG_COMPILER_GLOBAL_ACCENT_COLOR_NAME = AccentColor;
				CODE_SIGN_ENTITLEMENTS = macOS/macOS.entitlements;
				CODE_SIGN_STYLE = Automatic;
				COMBINE_HIDPI_IMAGES = YES;
				CURRENT_PROJECT_VERSION = 1;
				DEVELOPMENT_TEAM = BDV4VC27D3;
				ENABLE_HARDENED_RUNTIME = YES;
				ENABLE_PREVIEWS = YES;
				GENERATE_INFOPLIST_FILE = YES;
				INFOPLIST_KEY_NSHumanReadableCopyright = "";
				LD_RUNPATH_SEARCH_PATHS = (
					"$(inherited)",
					"@executable_path/../Frameworks",
				);
				MACOSX_DEPLOYMENT_TARGET = 12.1;
				MARKETING_VERSION = 1.0;
				PRODUCT_BUNDLE_IDENTIFIER = com.rhonabwy.BenchmarkTrial;
				PRODUCT_NAME = BenchmarkTrial;
				SDKROOT = macosx;
				SWIFT_EMIT_LOC_STRINGS = YES;
				SWIFT_VERSION = 5.0;
			};
			name = Debug;
		};
		1A068AF4276BFECC007C1E17 /* Release */ = {
			isa = XCBuildConfiguration;
			buildSettings = {
				ASSETCATALOG_COMPILER_APPICON_NAME = AppIcon;
				ASSETCATALOG_COMPILER_GLOBAL_ACCENT_COLOR_NAME = AccentColor;
				CODE_SIGN_ENTITLEMENTS = macOS/macOS.entitlements;
				CODE_SIGN_STYLE = Automatic;
				COMBINE_HIDPI_IMAGES = YES;
				CURRENT_PROJECT_VERSION = 1;
				DEVELOPMENT_TEAM = BDV4VC27D3;
				ENABLE_HARDENED_RUNTIME = YES;
				ENABLE_PREVIEWS = YES;
				GENERATE_INFOPLIST_FILE = YES;
				INFOPLIST_KEY_NSHumanReadableCopyright = "";
				LD_RUNPATH_SEARCH_PATHS = (
					"$(inherited)",
					"@executable_path/../Frameworks",
				);
				MACOSX_DEPLOYMENT_TARGET = 12.1;
				MARKETING_VERSION = 1.0;
				PRODUCT_BUNDLE_IDENTIFIER = com.rhonabwy.BenchmarkTrial;
				PRODUCT_NAME = BenchmarkTrial;
				SDKROOT = macosx;
				SWIFT_EMIT_LOC_STRINGS = YES;
				SWIFT_VERSION = 5.0;
			};
			name = Release;
		};
/* End XCBuildConfiguration section */

/* Begin XCConfigurationList section */
		1A068AD5276BFECC007C1E17 /* Build configuration list for PBXProject "BenchmarkTrial" */ = {
			isa = XCConfigurationList;
			buildConfigurations = (
				1A068AED276BFECC007C1E17 /* Debug */,
				1A068AEE276BFECC007C1E17 /* Release */,
			);
			defaultConfigurationIsVisible = 0;
			defaultConfigurationName = Release;
		};
		1A068AEF276BFECC007C1E17 /* Build configuration list for PBXNativeTarget "BenchmarkTrial (iOS)" */ = {
			isa = XCConfigurationList;
			buildConfigurations = (
				1A068AF0276BFECC007C1E17 /* Debug */,
				1A068AF1276BFECC007C1E17 /* Release */,
			);
			defaultConfigurationIsVisible = 0;
			defaultConfigurationName = Release;
		};
		1A068AF2276BFECC007C1E17 /* Build configuration list for PBXNativeTarget "BenchmarkTrial (macOS)" */ = {
			isa = XCConfigurationList;
			buildConfigurations = (
				1A068AF3276BFECC007C1E17 /* Debug */,
				1A068AF4276BFECC007C1E17 /* Release */,
			);
			defaultConfigurationIsVisible = 0;
			defaultConfigurationName = Release;
		};
/* End XCConfigurationList section */

/* Begin XCRemoteSwiftPackageReference section */
		1AD1881B276C089E0085CDA5 /* XCRemoteSwiftPackageReference "swift-collections-benchmark" */ = {
			isa = XCRemoteSwiftPackageReference;
			repositoryURL = "https://github.com/apple/swift-collections-benchmark";
			requirement = {
				kind = upToNextMajorVersion;
				minimumVersion = 0.0.2;
			};
		};
/* End XCRemoteSwiftPackageReference section */

/* Begin XCSwiftPackageProductDependency section */
		1AD18817276C05560085CDA5 /* MyLibrary */ = {
			isa = XCSwiftPackageProductDependency;
			productName = MyLibrary;
		};
		1AD18819276C055E0085CDA5 /* MyLibrary */ = {
			isa = XCSwiftPackageProductDependency;
			productName = MyLibrary;
		};
		1AD1881C276C089E0085CDA5 /* CollectionsBenchmark */ = {
			isa = XCSwiftPackageProductDependency;
			package = 1AD1881B276C089E0085CDA5 /* XCRemoteSwiftPackageReference "swift-collections-benchmark" */;
			productName = CollectionsBenchmark;
		};
/* End XCSwiftPackageProductDependency section */
	};
	rootObject = 1A068AD2276BFECC007C1E17 /* Project object */;
}
